<?xml version="1.0" encoding="utf-8"?>
<Project ToolsVersion="4.0" xmlns="http://schemas.microsoft.com/developer/msbuild/2003">
  <ItemGroup>
    <ClCompile Include="test.cpp" />
    <ClCompile Include="pch.cpp" />
  </ItemGroup>
  <ItemGroup>
    <ClInclude Include="pch.h" />
  </ItemGroup>
  <ItemGroup>
    <Filter Include="TestFiles">
      <UniqueIdentifier>{be6d2fd4-f495-4628-a70e-ba0a435c0ff8}</UniqueIdentifier>
    </Filter>
  </ItemGroup>
  <ItemGroup>
    <None Include="packages.config" />
    <None Include="Basic1-Old.json">
      <Filter>TestFiles</Filter>
    </None>
    <None Include="Basic1.json">
      <Filter>TestFiles</Filter>
    </None>
  </ItemGroup>
</Project>